
Microsoft Visual Studio Solution File, Format Version 12.00
# Visual Studio 15
VisualStudioVersion = 15.0.27130.2027
MinimumVisualStudioVersion = 10.0.40219.1
Project("{FAE04EC0-301F-11D3-BF4B-00C04F79EFBC}") = "InwentaryzacjaPrzyklady", "InwentaryzacjaPrzyklady\InwentaryzacjaPrzyklady.csproj", "{D9163FBE-AF35-47E5-ABA8-282992347CCB}"
EndProject
Global
	GlobalSection(SolutionConfigurationPlatforms) = preSolution
		Debug|Any CPU = Debug|Any CPU
		Release|Any CPU = Release|Any CPU
	EndGlobalSection
	GlobalSection(ProjectConfigurationPlatforms) = postSolution
		{D9163FBE-AF35-47E5-ABA8-282992347CCB}.Debug|Any CPU.ActiveCfg = Debug|Any CPU
		{D9163FBE-AF35-47E5-ABA8-282992347CCB}.Debug|Any CPU.Build.0 = Debug|Any CPU
		{D9163FBE-AF35-47E5-ABA8-282992347CCB}.Release|Any CPU.ActiveCfg = Release|Any CPU
		{D9163FBE-AF35-47E5-ABA8-282992347CCB}.Release|Any CPU.Build.0 = Release|Any CPU
	EndGlobalSection
	GlobalSection(SolutionProperties) = preSolution
		HideSolutionNode = FALSE
	EndGlobalSection
	GlobalSection(ExtensibilityGlobals) = postSolution
		SolutionGuid = {C263349A-E8B3-492E-B7D4-A212D143F72C}
	EndGlobalSection
EndGlobal
