
Microsoft Visual Studio Solution File, Format Version 12.00
# Visual Studio Version 16
VisualStudioVersion = 16.0.33529.622
MinimumVisualStudioVersion = 10.0.40219.1
Project("{FAE04EC0-301F-11D3-BF4B-00C04F79EFBC}") = "PrzykladKolejnosciRealizacjiZamowien", "PrzykladKolejnosciRealizacjiZamowien\PrzykladKolejnosciRealizacjiZamowien.csproj", "{30EB8EA2-EE1B-487E-AA7D-C58E9C7D6064}"
EndProject
Global
	GlobalSection(SolutionConfigurationPlatforms) = preSolution
		Debug|Any CPU = Debug|Any CPU
		Release|Any CPU = Release|Any CPU
	EndGlobalSection
	GlobalSection(ProjectConfigurationPlatforms) = postSolution
		{30EB8EA2-EE1B-487E-AA7D-C58E9C7D6064}.Debug|Any CPU.ActiveCfg = Debug|Any CPU
		{30EB8EA2-EE1B-487E-AA7D-C58E9C7D6064}.Debug|Any CPU.Build.0 = Debug|Any CPU
		{30EB8EA2-EE1B-487E-AA7D-C58E9C7D6064}.Release|Any CPU.ActiveCfg = Release|Any CPU
		{30EB8EA2-EE1B-487E-AA7D-C58E9C7D6064}.Release|Any CPU.Build.0 = Release|Any CPU
	EndGlobalSection
	GlobalSection(SolutionProperties) = preSolution
		HideSolutionNode = FALSE
	EndGlobalSection
	GlobalSection(ExtensibilityGlobals) = postSolution
		SolutionGuid = {A01B201F-180F-4335-AA61-28D339237D63}
	EndGlobalSection
EndGlobal
