
Microsoft Visual Studio Solution File, Format Version 12.00
# Visual Studio 15
VisualStudioVersion = 15.0.28307.572
MinimumVisualStudioVersion = 10.0.40219.1
Project("{FAE04EC0-301F-11D3-BF4B-00C04F79EFBC}") = "PrzykladyCenniki", "PrzykladyCenniki\PrzykladyCenniki.csproj", "{1B89A51B-A971-4C04-906F-16D916A5E215}"
EndProject
Global
	GlobalSection(SolutionConfigurationPlatforms) = preSolution
		Debug|Any CPU = Debug|Any CPU
		Release|Any CPU = Release|Any CPU
	EndGlobalSection
	GlobalSection(ProjectConfigurationPlatforms) = postSolution
		{1B89A51B-A971-4C04-906F-16D916A5E215}.Debug|Any CPU.ActiveCfg = Debug|Any CPU
		{1B89A51B-A971-4C04-906F-16D916A5E215}.Debug|Any CPU.Build.0 = Debug|Any CPU
		{1B89A51B-A971-4C04-906F-16D916A5E215}.Release|Any CPU.ActiveCfg = Release|Any CPU
		{1B89A51B-A971-4C04-906F-16D916A5E215}.Release|Any CPU.Build.0 = Release|Any CPU
	EndGlobalSection
	GlobalSection(SolutionProperties) = preSolution
		HideSolutionNode = FALSE
	EndGlobalSection
	GlobalSection(ExtensibilityGlobals) = postSolution
		SolutionGuid = {4FC1B5D8-948B-4C4F-BC81-2B98CF7FE63C}
	EndGlobalSection
EndGlobal
